# This file is automatically @generated by Cargo.
# It is not intended for manual editing.
[[package]]
name = "aoc2018"
version = "0.1.0"
dependencies = [
 "io 0.0.2 (registry+https://github.com/rust-lang/crates.io-index)",
]

[[package]]
name = "io"
version = "0.0.2"
source = "registry+https://github.com/rust-lang/crates.io-index"

[metadata]
"checksum io 0.0.2 (registry+https://github.com/rust-lang/crates.io-index)" = "85c839d30624bc6b3dced6a4652823d1967fb7939d4848ad002d509b1fc916b2"
